
Microsoft Visual Studio Solution File, Format Version 12.00
# Visual Studio Version 17
VisualStudioVersion = 17.2.32516.85
MinimumVisualStudioVersion = 10.0.40219.1
Project("{FAE04EC0-301F-11D3-BF4B-00C04F79EFBC}") = "GETDATA", "GETDATA\GETDATA.csproj", "{9717DAD6-A19E-4816-9D21-B4974908548F}"
EndProject
Global
	GlobalSection(SolutionConfigurationPlatforms) = preSolution
		Debug|Any CPU = Debug|Any CPU
		Release|Any CPU = Release|Any CPU
	EndGlobalSection
	GlobalSection(ProjectConfigurationPlatforms) = postSolution
		{9717DAD6-A19E-4816-9D21-B4974908548F}.Debug|Any CPU.ActiveCfg = Debug|Any CPU
		{9717DAD6-A19E-4816-9D21-B4974908548F}.Debug|Any CPU.Build.0 = Debug|Any CPU
		{9717DAD6-A19E-4816-9D21-B4974908548F}.Release|Any CPU.ActiveCfg = Release|Any CPU
		{9717DAD6-A19E-4816-9D21-B4974908548F}.Release|Any CPU.Build.0 = Release|Any CPU
	EndGlobalSection
	GlobalSection(SolutionProperties) = preSolution
		HideSolutionNode = FALSE
	EndGlobalSection
	GlobalSection(ExtensibilityGlobals) = postSolution
		SolutionGuid = {FBF36938-1E8B-4945-9E80-25332AB2F04D}
	EndGlobalSection
EndGlobal
