
Microsoft Visual Studio Solution File, Format Version 12.00
# Visual Studio Version 17
VisualStudioVersion = 17.2.32516.85
MinimumVisualStudioVersion = 10.0.40219.1
Project("{FAE04EC0-301F-11D3-BF4B-00C04F79EFBC}") = "Auto_H2", "Auto_H2\Auto_H2.csproj", "{718037E3-4265-4E24-9742-72808DE0F257}"
EndProject
Global
	GlobalSection(SolutionConfigurationPlatforms) = preSolution
		Debug|Any CPU = Debug|Any CPU
		Release|Any CPU = Release|Any CPU
	EndGlobalSection
	GlobalSection(ProjectConfigurationPlatforms) = postSolution
		{718037E3-4265-4E24-9742-72808DE0F257}.Debug|Any CPU.ActiveCfg = Debug|Any CPU
		{718037E3-4265-4E24-9742-72808DE0F257}.Debug|Any CPU.Build.0 = Debug|Any CPU
		{718037E3-4265-4E24-9742-72808DE0F257}.Release|Any CPU.ActiveCfg = Release|Any CPU
		{718037E3-4265-4E24-9742-72808DE0F257}.Release|Any CPU.Build.0 = Release|Any CPU
	EndGlobalSection
	GlobalSection(SolutionProperties) = preSolution
		HideSolutionNode = FALSE
	EndGlobalSection
	GlobalSection(ExtensibilityGlobals) = postSolution
		SolutionGuid = {0F7441DD-50B3-410C-B074-B78DFABD27B8}
	EndGlobalSection
EndGlobal
